# THIS IS AN AUTOGENERATED FILE. DO NOT EDIT THIS FILE DIRECTLY.
# yarn lockfile v1


async@^0.9.0:
  version "0.9.2"
  resolved "https://registry.yarnpkg.com/async/-/async-0.9.2.tgz#aea74d5e61c1f899613bf64bda66d4c78f2fd17d"

async@^2.6.0:
  version "2.6.0"
  resolved "https://registry.yarnpkg.com/async/-/async-2.6.0.tgz#61a29abb6fcc026fea77e56d1c6ec53a795951f4"
  dependencies:
    lodash "^4.14.0"

"backbone4000@git+ssh://git@github.com/leshy/backbone4000.git":
  version "0.0.1"
  uid c64a230b301c5da268967442a435439086bfb839
  resolved "git+ssh://git@github.com/leshy/backbone4000.git#c64a230b301c5da268967442a435439086bfb839"
  dependencies:
    backbone "^1.1.2"
    helpers "git+ssh://git@github.com/leshy/nodejs-helpers.git"
    underscore "^1.8.3"

"backbone4000@git://github.com/leshy/backbone4000.git":
  version "0.0.1"
  resolved "git://github.com/leshy/backbone4000.git#c64a230b301c5da268967442a435439086bfb839"
  dependencies:
    backbone "^1.1.2"
    helpers "git+ssh://git@github.com/leshy/nodejs-helpers.git"
    underscore "^1.8.3"

backbone@^1.1.2:
  version "1.3.3"
  resolved "https://registry.yarnpkg.com/backbone/-/backbone-1.3.3.tgz#4cc80ea7cb1631ac474889ce40f2f8bc683b2999"
  dependencies:
    underscore ">=1.8.3"

"helpers@git+ssh://git@github.com/leshy/nodejs-helpers.git":
  version "1.0.0"
  resolved "git+ssh://git@github.com/leshy/nodejs-helpers.git#8a0ee8ce5239e162c2a45f8271f0564a7ef923a7"
  dependencies:
    async "^2.6.0"
    underscore "^1.8.3"

"helpers@git://github.com/leshy/nodejs-helpers.git":
  version "1.0.0"
  uid "8a0ee8ce5239e162c2a45f8271f0564a7ef923a7"
  resolved "git://github.com/leshy/nodejs-helpers.git#8a0ee8ce5239e162c2a45f8271f0564a7ef923a7"
  dependencies:
    async "^2.6.0"
    underscore "^1.8.3"

lodash@^4.14.0:
  version "4.17.5"
  resolved "https://registry.yarnpkg.com/lodash/-/lodash-4.17.5.tgz#99a92d65c0272debe8c96b6057bc8fbfa3bed511"

"subscriptionman2@git://github.com/leshy/nodejs-subscriptionman2.git":
  version "0.0.0"
  resolved "git://github.com/leshy/nodejs-subscriptionman2.git#eadd1e513dd5cf62b131bb5855dde16131b25a8d"
  dependencies:
    async "^0.9.0"
    backbone4000 "git://github.com/leshy/backbone4000.git"
    helpers "git://github.com/leshy/nodejs-helpers.git"
    underscore "^1.8.3"
    validator2-extras "git://github.com/leshy/nodejs-validator2-extras.git"

underscore@>=1.8.3, underscore@^1.8.3:
  version "1.8.3"
  resolved "https://registry.yarnpkg.com/underscore/-/underscore-1.8.3.tgz#4f3fb53b106e6097fcf9cb4109f2a5e9bdfa5022"

"validator2-extras@git://github.com/leshy/nodejs-validator2-extras.git":
  version "0.0.1"
  resolved "git://github.com/leshy/nodejs-validator2-extras.git#dae9ea3f517747e6ef4d4b1176112372cf9abcc6"
  dependencies:
    backbone4000 "git+ssh://git@github.com/leshy/backbone4000.git"
    helpers "git+ssh://git@github.com/leshy/nodejs-helpers.git"
    underscore "^1.8.3"
    validator2 "git+ssh://git@github.com/leshy/nodejs-validator2.git"

"validator2@git+ssh://git@github.com/leshy/nodejs-validator2.git":
  version "0.0.1"
  resolved "git+ssh://git@github.com/leshy/nodejs-validator2.git#0775c167240148072d922021d773fbfbf660d4f6"
  dependencies:
    async "^2.6.0"
    helpers "git+ssh://git@github.com/leshy/nodejs-helpers.git"
    underscore "^1.8.3"
